
Microsoft Visual Studio Solution File, Format Version 12.00
# Visual Studio Version 16
VisualStudioVersion = 16.0.30804.86
MinimumVisualStudioVersion = 10.0.40219.1
Project("{FAE04EC0-301F-11D3-BF4B-00C04F79EFBC}") = "Lab4_06_02_2021", "Lab4_06_02_2021\Lab4_06_02_2021.csproj", "{FBC5B108-583A-40D8-810C-C14B1C7AEEB3}"
EndProject
Global
	GlobalSection(SolutionConfigurationPlatforms) = preSolution
		Debug|Any CPU = Debug|Any CPU
		Release|Any CPU = Release|Any CPU
	EndGlobalSection
	GlobalSection(ProjectConfigurationPlatforms) = postSolution
		{FBC5B108-583A-40D8-810C-C14B1C7AEEB3}.Debug|Any CPU.ActiveCfg = Debug|Any CPU
		{FBC5B108-583A-40D8-810C-C14B1C7AEEB3}.Debug|Any CPU.Build.0 = Debug|Any CPU
		{FBC5B108-583A-40D8-810C-C14B1C7AEEB3}.Release|Any CPU.ActiveCfg = Release|Any CPU
		{FBC5B108-583A-40D8-810C-C14B1C7AEEB3}.Release|Any CPU.Build.0 = Release|Any CPU
	EndGlobalSection
	GlobalSection(SolutionProperties) = preSolution
		HideSolutionNode = FALSE
	EndGlobalSection
	GlobalSection(ExtensibilityGlobals) = postSolution
		SolutionGuid = {33C01F6F-6BD1-4BB8-9EEE-1D3990FCD7FA}
	EndGlobalSection
EndGlobal
